
Microsoft Visual Studio Solution File, Format Version 12.00
# Visual Studio 14
VisualStudioVersion = 14.0.25123.0
MinimumVisualStudioVersion = 10.0.40219.1
Project("{FAE04EC0-301F-11D3-BF4B-00C04F79EFBC}") = "Parenthesis", "Parenthesis\Parenthesis.csproj", "{AE2D25DE-FD24-4CE3-8FA5-A6C945984D28}"
EndProject
Project("{FAE04EC0-301F-11D3-BF4B-00C04F79EFBC}") = "Guitar", "Guitar\Guitar.csproj", "{0206AFE8-CF84-4A19-9AF2-99E652F9749F}"
EndProject
Global
	GlobalSection(SolutionConfigurationPlatforms) = preSolution
		Debug|Any CPU = Debug|Any CPU
		Release|Any CPU = Release|Any CPU
	EndGlobalSection
	GlobalSection(ProjectConfigurationPlatforms) = postSolution
		{AE2D25DE-FD24-4CE3-8FA5-A6C945984D28}.Debug|Any CPU.ActiveCfg = Debug|Any CPU
		{AE2D25DE-FD24-4CE3-8FA5-A6C945984D28}.Debug|Any CPU.Build.0 = Debug|Any CPU
		{AE2D25DE-FD24-4CE3-8FA5-A6C945984D28}.Release|Any CPU.ActiveCfg = Release|Any CPU
		{AE2D25DE-FD24-4CE3-8FA5-A6C945984D28}.Release|Any CPU.Build.0 = Release|Any CPU
		{0206AFE8-CF84-4A19-9AF2-99E652F9749F}.Debug|Any CPU.ActiveCfg = Debug|Any CPU
		{0206AFE8-CF84-4A19-9AF2-99E652F9749F}.Debug|Any CPU.Build.0 = Debug|Any CPU
		{0206AFE8-CF84-4A19-9AF2-99E652F9749F}.Release|Any CPU.ActiveCfg = Release|Any CPU
		{0206AFE8-CF84-4A19-9AF2-99E652F9749F}.Release|Any CPU.Build.0 = Release|Any CPU
	EndGlobalSection
	GlobalSection(SolutionProperties) = preSolution
		HideSolutionNode = FALSE
	EndGlobalSection
EndGlobal
